
Microsoft Visual Studio Solution File, Format Version 12.00
# Visual Studio Version 17
VisualStudioVersion = 17.10.34928.147
MinimumVisualStudioVersion = 10.0.40219.1
Project("{9A19103F-16F7-4668-BE54-9A1E7A4F7556}") = "DxBlazorApplication2.Module", "DxBlazorApplication2.Module\DxBlazorApplication2.Module.csproj", "{A7AB3EE2-A88A-472C-9300-470BED57490C}"
EndProject
Project("{9A19103F-16F7-4668-BE54-9A1E7A4F7556}") = "DxBlazorApplication2.Blazor.Server", "DxBlazorApplication2.Blazor.Server\DxBlazorApplication2.Blazor.Server.csproj", "{DB35DAB4-F420-4569-A19D-714DB3C725AE}"
EndProject
Global
	GlobalSection(SolutionConfigurationPlatforms) = preSolution
		Debug|Any CPU = Debug|Any CPU
		EasyTest|Any CPU = EasyTest|Any CPU
		Release|Any CPU = Release|Any CPU
	EndGlobalSection
	GlobalSection(ProjectConfigurationPlatforms) = postSolution
		{A7AB3EE2-A88A-472C-9300-470BED57490C}.Debug|Any CPU.ActiveCfg = Debug|Any CPU
		{A7AB3EE2-A88A-472C-9300-470BED57490C}.Debug|Any CPU.Build.0 = Debug|Any CPU
		{A7AB3EE2-A88A-472C-9300-470BED57490C}.EasyTest|Any CPU.ActiveCfg = EasyTest|Any CPU
		{A7AB3EE2-A88A-472C-9300-470BED57490C}.EasyTest|Any CPU.Build.0 = EasyTest|Any CPU
		{A7AB3EE2-A88A-472C-9300-470BED57490C}.Release|Any CPU.ActiveCfg = Release|Any CPU
		{A7AB3EE2-A88A-472C-9300-470BED57490C}.Release|Any CPU.Build.0 = Release|Any CPU
		{DB35DAB4-F420-4569-A19D-714DB3C725AE}.Debug|Any CPU.ActiveCfg = Debug|Any CPU
		{DB35DAB4-F420-4569-A19D-714DB3C725AE}.Debug|Any CPU.Build.0 = Debug|Any CPU
		{DB35DAB4-F420-4569-A19D-714DB3C725AE}.EasyTest|Any CPU.ActiveCfg = EasyTest|Any CPU
		{DB35DAB4-F420-4569-A19D-714DB3C725AE}.EasyTest|Any CPU.Build.0 = EasyTest|Any CPU
		{DB35DAB4-F420-4569-A19D-714DB3C725AE}.Release|Any CPU.ActiveCfg = Release|Any CPU
		{DB35DAB4-F420-4569-A19D-714DB3C725AE}.Release|Any CPU.Build.0 = Release|Any CPU
	EndGlobalSection
	GlobalSection(SolutionProperties) = preSolution
		HideSolutionNode = FALSE
	EndGlobalSection
EndGlobal
