
Microsoft Visual Studio Solution File, Format Version 12.00
# Visual Studio Version 17
VisualStudioVersion = 17.10.35027.167
MinimumVisualStudioVersion = 10.0.40219.1
Project("{2150E333-8FDC-42A3-9474-1A3956D46DE8}") = "Presentation", "Presentation", "{BDDCACB9-F1F6-4ADD-98D6-EE3751587FF6}"
EndProject
Project("{9A19103F-16F7-4668-BE54-9A1E7A4F7556}") = "McHealthCare.Web", "McHealthCare.Web\McHealthCare.Web.csproj", "{27BDE79E-9439-4183-97FF-3B224BE5F5DD}"
EndProject
Project("{2150E333-8FDC-42A3-9474-1A3956D46DE8}") = "Core", "Core", "{408F27B2-3CD4-4EF1-8610-16E937C88AA3}"
EndProject
Project("{9A19103F-16F7-4668-BE54-9A1E7A4F7556}") = "McHealthCare.Domain", "McHealthCare.Domain\McHealthCare.Domain.csproj", "{6B58287D-6497-4E7A-899B-9C8A762CA86D}"
EndProject
Project("{2150E333-8FDC-42A3-9474-1A3956D46DE8}") = "Infrastructure", "Infrastructure", "{8E3B7F35-3AE7-4600-8EB1-ADE89F75570E}"
EndProject
Project("{9A19103F-16F7-4668-BE54-9A1E7A4F7556}") = "McHealthCare.Persistence", "McHealthCare.Infrastructure\McHealthCare.Persistence.csproj", "{589989FF-3E26-4D4E-8202-E39B59EBE6BF}"
EndProject
Project("{9A19103F-16F7-4668-BE54-9A1E7A4F7556}") = "McHealthCare.Application", "McHealthCare.Application\McHealthCare.Application.csproj", "{1BD84DA6-66B5-4B75-BFF4-DBDA1D3FB58C}"
EndProject
Global
	GlobalSection(SolutionConfigurationPlatforms) = preSolution
		Debug|Any CPU = Debug|Any CPU
		Release|Any CPU = Release|Any CPU
	EndGlobalSection
	GlobalSection(ProjectConfigurationPlatforms) = postSolution
		{27BDE79E-9439-4183-97FF-3B224BE5F5DD}.Debug|Any CPU.ActiveCfg = Debug|Any CPU
		{27BDE79E-9439-4183-97FF-3B224BE5F5DD}.Debug|Any CPU.Build.0 = Debug|Any CPU
		{27BDE79E-9439-4183-97FF-3B224BE5F5DD}.Release|Any CPU.ActiveCfg = Release|Any CPU
		{27BDE79E-9439-4183-97FF-3B224BE5F5DD}.Release|Any CPU.Build.0 = Release|Any CPU
		{6B58287D-6497-4E7A-899B-9C8A762CA86D}.Debug|Any CPU.ActiveCfg = Debug|Any CPU
		{6B58287D-6497-4E7A-899B-9C8A762CA86D}.Debug|Any CPU.Build.0 = Debug|Any CPU
		{6B58287D-6497-4E7A-899B-9C8A762CA86D}.Release|Any CPU.ActiveCfg = Release|Any CPU
		{6B58287D-6497-4E7A-899B-9C8A762CA86D}.Release|Any CPU.Build.0 = Release|Any CPU
		{589989FF-3E26-4D4E-8202-E39B59EBE6BF}.Debug|Any CPU.ActiveCfg = Debug|Any CPU
		{589989FF-3E26-4D4E-8202-E39B59EBE6BF}.Debug|Any CPU.Build.0 = Debug|Any CPU
		{589989FF-3E26-4D4E-8202-E39B59EBE6BF}.Release|Any CPU.ActiveCfg = Release|Any CPU
		{589989FF-3E26-4D4E-8202-E39B59EBE6BF}.Release|Any CPU.Build.0 = Release|Any CPU
		{1BD84DA6-66B5-4B75-BFF4-DBDA1D3FB58C}.Debug|Any CPU.ActiveCfg = Debug|Any CPU
		{1BD84DA6-66B5-4B75-BFF4-DBDA1D3FB58C}.Debug|Any CPU.Build.0 = Debug|Any CPU
		{1BD84DA6-66B5-4B75-BFF4-DBDA1D3FB58C}.Release|Any CPU.ActiveCfg = Release|Any CPU
		{1BD84DA6-66B5-4B75-BFF4-DBDA1D3FB58C}.Release|Any CPU.Build.0 = Release|Any CPU
	EndGlobalSection
	GlobalSection(SolutionProperties) = preSolution
		HideSolutionNode = FALSE
	EndGlobalSection
	GlobalSection(NestedProjects) = preSolution
		{27BDE79E-9439-4183-97FF-3B224BE5F5DD} = {BDDCACB9-F1F6-4ADD-98D6-EE3751587FF6}
		{6B58287D-6497-4E7A-899B-9C8A762CA86D} = {408F27B2-3CD4-4EF1-8610-16E937C88AA3}
		{589989FF-3E26-4D4E-8202-E39B59EBE6BF} = {8E3B7F35-3AE7-4600-8EB1-ADE89F75570E}
		{1BD84DA6-66B5-4B75-BFF4-DBDA1D3FB58C} = {408F27B2-3CD4-4EF1-8610-16E937C88AA3}
	EndGlobalSection
	GlobalSection(ExtensibilityGlobals) = postSolution
		SolutionGuid = {7A351E0E-A756-4B7F-AD35-2AB10D5F9937}
	EndGlobalSection
EndGlobal
