
Microsoft Visual Studio Solution File, Format Version 12.00
# Visual Studio Version 17
VisualStudioVersion = 17.10.35027.167
MinimumVisualStudioVersion = 10.0.40219.1
Project("{2150E333-8FDC-42A3-9474-1A3956D46DE8}") = "Presentation", "Presentation", "{BDDCACB9-F1F6-4ADD-98D6-EE3751587FF6}"
EndProject
Project("{FAE04EC0-301F-11D3-BF4B-00C04F79EFBC}") = "McHealthCare.Web", "McHealthCare.Web\McHealthCare.Web.csproj", "{27BDE79E-9439-4183-97FF-3B224BE5F5DD}"
EndProject
Global
	GlobalSection(SolutionConfigurationPlatforms) = preSolution
		Debug|Any CPU = Debug|Any CPU
		Release|Any CPU = Release|Any CPU
	EndGlobalSection
	GlobalSection(ProjectConfigurationPlatforms) = postSolution
		{27BDE79E-9439-4183-97FF-3B224BE5F5DD}.Debug|Any CPU.ActiveCfg = Debug|Any CPU
		{27BDE79E-9439-4183-97FF-3B224BE5F5DD}.Debug|Any CPU.Build.0 = Debug|Any CPU
		{27BDE79E-9439-4183-97FF-3B224BE5F5DD}.Release|Any CPU.ActiveCfg = Release|Any CPU
		{27BDE79E-9439-4183-97FF-3B224BE5F5DD}.Release|Any CPU.Build.0 = Release|Any CPU
	EndGlobalSection
	GlobalSection(SolutionProperties) = preSolution
		HideSolutionNode = FALSE
	EndGlobalSection
	GlobalSection(NestedProjects) = preSolution
		{27BDE79E-9439-4183-97FF-3B224BE5F5DD} = {BDDCACB9-F1F6-4ADD-98D6-EE3751587FF6}
	EndGlobalSection
	GlobalSection(ExtensibilityGlobals) = postSolution
		SolutionGuid = {7A351E0E-A756-4B7F-AD35-2AB10D5F9937}
	EndGlobalSection
EndGlobal
